# THIS IS AN AUTOGENERATED FILE. DO NOT EDIT THIS FILE DIRECTLY.
# yarn lockfile v1


tslib@^2.3.0:
  version "2.6.3"
  resolved "https://registry.yarnpkg.com/tslib/-/tslib-2.6.3.tgz#0438f810ad7a9edcde7a241c3d80db693c8cbfe0"
  integrity sha512-xNvxJEOUiWPGhUuUdQgAJPKOOJfGnIyKySOc09XkKsgdUV/3E2zvwZYdejjmRgPCgcym1juLH3226yA7sEFJKQ==

use-sync-external-store@1.2.0:
  version "1.2.0"
  resolved "https://registry.yarnpkg.com/use-sync-external-store/-/use-sync-external-store-1.2.0.tgz#7dbefd6ef3fe4e767a0cf5d7287aacfb5846928a"
  integrity sha512-eEgnFxGQ1Ife9bzYs6VLi8/4X6CObHMw9Qr9tPY43iKwsPw8xE8+EFsf/2cFZ5S3esXgpWgtSCtLNS41F+sKPA==

zustand@^4.5.4:
  version "4.5.4"
  resolved "https://registry.yarnpkg.com/zustand/-/zustand-4.5.4.tgz#63abdd81edfb190bc61e0bbae045cc4d52158a05"
  integrity sha512-/BPMyLKJPtFEvVL0E9E9BTUM63MNyhPGlvxk1XjrfWTUlV+BR8jufjsovHzrtR6YNcBEcL7cMHovL1n9xHawEg==
  dependencies:
    use-sync-external-store "1.2.0"
